
Microsoft Visual Studio Solution File, Format Version 12.00
# Visual Studio Version 17
VisualStudioVersion = 17.8.34511.84
MinimumVisualStudioVersion = 10.0.40219.1
Project("{FAE04EC0-301F-11D3-BF4B-00C04F79EFBC}") = "AdoNetCustomerProject", "AdoNetCustomerProject\AdoNetCustomerProject.csproj", "{84486569-F6C3-47F0-B3C2-0D4F2A7EEE3D}"
EndProject
Global
	GlobalSection(SolutionConfigurationPlatforms) = preSolution
		Debug|Any CPU = Debug|Any CPU
		Release|Any CPU = Release|Any CPU
	EndGlobalSection
	GlobalSection(ProjectConfigurationPlatforms) = postSolution
		{84486569-F6C3-47F0-B3C2-0D4F2A7EEE3D}.Debug|Any CPU.ActiveCfg = Debug|Any CPU
		{84486569-F6C3-47F0-B3C2-0D4F2A7EEE3D}.Debug|Any CPU.Build.0 = Debug|Any CPU
		{84486569-F6C3-47F0-B3C2-0D4F2A7EEE3D}.Release|Any CPU.ActiveCfg = Release|Any CPU
		{84486569-F6C3-47F0-B3C2-0D4F2A7EEE3D}.Release|Any CPU.Build.0 = Release|Any CPU
	EndGlobalSection
	GlobalSection(SolutionProperties) = preSolution
		HideSolutionNode = FALSE
	EndGlobalSection
	GlobalSection(ExtensibilityGlobals) = postSolution
		SolutionGuid = {A7E2BB22-6283-4791-A852-D5655CF3F47A}
	EndGlobalSection
EndGlobal
