
Microsoft Visual Studio Solution File, Format Version 12.00
# Visual Studio Version 17
VisualStudioVersion = 17.8.34511.84
MinimumVisualStudioVersion = 10.0.40219.1
Project("{FAE04EC0-301F-11D3-BF4B-00C04F79EFBC}") = "AdoNetCustomerProject", "AdoNetCustomerProject\AdoNetCustomerProject.csproj", "{84486569-F6C3-47F0-B3C2-0D4F2A7EEE3D}"
EndProject
Project("{FAE04EC0-301F-11D3-BF4B-00C04F79EFBC}") = "EntityFrameworkDbFirstProductProject", "EntityFrameworkDbFirstProductProject\EntityFrameworkDbFirstProductProject.csproj", "{351852C1-55E2-46D6-85D7-EE53A63B3D55}"
EndProject
Project("{FAE04EC0-301F-11D3-BF4B-00C04F79EFBC}") = "EntityFrameworkStatisticProject", "EntityFrameworkStatisticProject\EntityFrameworkStatisticProject.csproj", "{7D1E7DCD-02F9-4A8E-9991-E8E955A071FD}"
EndProject
Project("{FAE04EC0-301F-11D3-BF4B-00C04F79EFBC}") = "EntityFrameworkCodeFirstMovieProject", "EntityFrameworkCodeFirstMovieProject\EntityFrameworkCodeFirstMovieProject.csproj", "{8242016C-0427-4DF9-97D1-021E88968C66}"
EndProject
Project("{FAE04EC0-301F-11D3-BF4B-00C04F79EFBC}") = "DapperNorthwind", "DapperNorthwind\DapperNorthwind.csproj", "{94DC70D2-8C20-4870-A556-7738F8FC8A5E}"
EndProject
Project("{9A19103F-16F7-4668-BE54-9A1E7A4F7556}") = "APIWeatherProject", "APIWeatherProject\APIWeatherProject.csproj", "{395B5C5B-1D99-4D06-A426-C0A7A14B84B3}"
EndProject
Project("{9A19103F-16F7-4668-BE54-9A1E7A4F7556}") = "APIWeatherConsume", "APIWeatherConsume\APIWeatherConsume.csproj", "{C236E6E8-AB61-4E62-8903-A5779BD13AE3}"
EndProject
Project("{FAE04EC0-301F-11D3-BF4B-00C04F79EFBC}") = "RapidApiCurrency", "RapidApiCurrency\RapidApiCurrency.csproj", "{4B5078C8-C9F4-4392-A062-62E6FA44CA40}"
EndProject
Project("{FAE04EC0-301F-11D3-BF4B-00C04F79EFBC}") = "MongoDbOrderProject", "MongoDbOrderProjecet\MongoDbOrderProject.csproj", "{E059E7D2-B8CC-4E0C-9B67-C833D80F7267}"
EndProject
Project("{FAE04EC0-301F-11D3-BF4B-00C04F79EFBC}") = "PostgreSqlTodoListProject", "PostgreSqlTodoListProject\PostgreSqlTodoListProject.csproj", "{2393BDB3-C037-41E4-9C8B-A83D9D9C7410}"
EndProject
Project("{FAE04EC0-301F-11D3-BF4B-00C04F79EFBC}") = "TriggerOrderStockProject", "TriggerOrderStockProject\TriggerOrderStockProject.csproj", "{305FF266-5643-4FA5-87DF-3F30E8157A85}"
EndProject
Project("{FAE04EC0-301F-11D3-BF4B-00C04F79EFBC}") = "JWTProject", "JWTProject\JWTProject.csproj", "{3E707566-1998-4D2D-966F-AC1B2D46D09D}"
EndProject
Project("{FAE04EC0-301F-11D3-BF4B-00C04F79EFBC}") = "WeatherCardProject", "WeatherCardProject\WeatherCardProject.csproj", "{1FE2128F-CF34-44CA-8CC3-C1954A79021F}"
EndProject
Global
	GlobalSection(SolutionConfigurationPlatforms) = preSolution
		Debug|Any CPU = Debug|Any CPU
		Release|Any CPU = Release|Any CPU
	EndGlobalSection
	GlobalSection(ProjectConfigurationPlatforms) = postSolution
		{84486569-F6C3-47F0-B3C2-0D4F2A7EEE3D}.Debug|Any CPU.ActiveCfg = Debug|Any CPU
		{84486569-F6C3-47F0-B3C2-0D4F2A7EEE3D}.Debug|Any CPU.Build.0 = Debug|Any CPU
		{84486569-F6C3-47F0-B3C2-0D4F2A7EEE3D}.Release|Any CPU.ActiveCfg = Release|Any CPU
		{84486569-F6C3-47F0-B3C2-0D4F2A7EEE3D}.Release|Any CPU.Build.0 = Release|Any CPU
		{351852C1-55E2-46D6-85D7-EE53A63B3D55}.Debug|Any CPU.ActiveCfg = Debug|Any CPU
		{351852C1-55E2-46D6-85D7-EE53A63B3D55}.Debug|Any CPU.Build.0 = Debug|Any CPU
		{351852C1-55E2-46D6-85D7-EE53A63B3D55}.Release|Any CPU.ActiveCfg = Release|Any CPU
		{351852C1-55E2-46D6-85D7-EE53A63B3D55}.Release|Any CPU.Build.0 = Release|Any CPU
		{7D1E7DCD-02F9-4A8E-9991-E8E955A071FD}.Debug|Any CPU.ActiveCfg = Debug|Any CPU
		{7D1E7DCD-02F9-4A8E-9991-E8E955A071FD}.Debug|Any CPU.Build.0 = Debug|Any CPU
		{7D1E7DCD-02F9-4A8E-9991-E8E955A071FD}.Release|Any CPU.ActiveCfg = Release|Any CPU
		{7D1E7DCD-02F9-4A8E-9991-E8E955A071FD}.Release|Any CPU.Build.0 = Release|Any CPU
		{8242016C-0427-4DF9-97D1-021E88968C66}.Debug|Any CPU.ActiveCfg = Debug|Any CPU
		{8242016C-0427-4DF9-97D1-021E88968C66}.Debug|Any CPU.Build.0 = Debug|Any CPU
		{8242016C-0427-4DF9-97D1-021E88968C66}.Release|Any CPU.ActiveCfg = Release|Any CPU
		{8242016C-0427-4DF9-97D1-021E88968C66}.Release|Any CPU.Build.0 = Release|Any CPU
		{94DC70D2-8C20-4870-A556-7738F8FC8A5E}.Debug|Any CPU.ActiveCfg = Debug|Any CPU
		{94DC70D2-8C20-4870-A556-7738F8FC8A5E}.Debug|Any CPU.Build.0 = Debug|Any CPU
		{94DC70D2-8C20-4870-A556-7738F8FC8A5E}.Release|Any CPU.ActiveCfg = Release|Any CPU
		{94DC70D2-8C20-4870-A556-7738F8FC8A5E}.Release|Any CPU.Build.0 = Release|Any CPU
		{395B5C5B-1D99-4D06-A426-C0A7A14B84B3}.Debug|Any CPU.ActiveCfg = Debug|Any CPU
		{395B5C5B-1D99-4D06-A426-C0A7A14B84B3}.Debug|Any CPU.Build.0 = Debug|Any CPU
		{395B5C5B-1D99-4D06-A426-C0A7A14B84B3}.Release|Any CPU.ActiveCfg = Release|Any CPU
		{395B5C5B-1D99-4D06-A426-C0A7A14B84B3}.Release|Any CPU.Build.0 = Release|Any CPU
		{C236E6E8-AB61-4E62-8903-A5779BD13AE3}.Debug|Any CPU.ActiveCfg = Debug|Any CPU
		{C236E6E8-AB61-4E62-8903-A5779BD13AE3}.Debug|Any CPU.Build.0 = Debug|Any CPU
		{C236E6E8-AB61-4E62-8903-A5779BD13AE3}.Release|Any CPU.ActiveCfg = Release|Any CPU
		{C236E6E8-AB61-4E62-8903-A5779BD13AE3}.Release|Any CPU.Build.0 = Release|Any CPU
		{4B5078C8-C9F4-4392-A062-62E6FA44CA40}.Debug|Any CPU.ActiveCfg = Debug|Any CPU
		{4B5078C8-C9F4-4392-A062-62E6FA44CA40}.Debug|Any CPU.Build.0 = Debug|Any CPU
		{4B5078C8-C9F4-4392-A062-62E6FA44CA40}.Release|Any CPU.ActiveCfg = Release|Any CPU
		{4B5078C8-C9F4-4392-A062-62E6FA44CA40}.Release|Any CPU.Build.0 = Release|Any CPU
		{E059E7D2-B8CC-4E0C-9B67-C833D80F7267}.Debug|Any CPU.ActiveCfg = Debug|Any CPU
		{E059E7D2-B8CC-4E0C-9B67-C833D80F7267}.Debug|Any CPU.Build.0 = Debug|Any CPU
		{E059E7D2-B8CC-4E0C-9B67-C833D80F7267}.Release|Any CPU.ActiveCfg = Release|Any CPU
		{E059E7D2-B8CC-4E0C-9B67-C833D80F7267}.Release|Any CPU.Build.0 = Release|Any CPU
		{2393BDB3-C037-41E4-9C8B-A83D9D9C7410}.Debug|Any CPU.ActiveCfg = Debug|Any CPU
		{2393BDB3-C037-41E4-9C8B-A83D9D9C7410}.Debug|Any CPU.Build.0 = Debug|Any CPU
		{2393BDB3-C037-41E4-9C8B-A83D9D9C7410}.Release|Any CPU.ActiveCfg = Release|Any CPU
		{2393BDB3-C037-41E4-9C8B-A83D9D9C7410}.Release|Any CPU.Build.0 = Release|Any CPU
		{305FF266-5643-4FA5-87DF-3F30E8157A85}.Debug|Any CPU.ActiveCfg = Debug|Any CPU
		{305FF266-5643-4FA5-87DF-3F30E8157A85}.Debug|Any CPU.Build.0 = Debug|Any CPU
		{305FF266-5643-4FA5-87DF-3F30E8157A85}.Release|Any CPU.ActiveCfg = Release|Any CPU
		{305FF266-5643-4FA5-87DF-3F30E8157A85}.Release|Any CPU.Build.0 = Release|Any CPU
		{3E707566-1998-4D2D-966F-AC1B2D46D09D}.Debug|Any CPU.ActiveCfg = Debug|Any CPU
		{3E707566-1998-4D2D-966F-AC1B2D46D09D}.Debug|Any CPU.Build.0 = Debug|Any CPU
		{3E707566-1998-4D2D-966F-AC1B2D46D09D}.Release|Any CPU.ActiveCfg = Release|Any CPU
		{3E707566-1998-4D2D-966F-AC1B2D46D09D}.Release|Any CPU.Build.0 = Release|Any CPU
		{1FE2128F-CF34-44CA-8CC3-C1954A79021F}.Debug|Any CPU.ActiveCfg = Debug|Any CPU
		{1FE2128F-CF34-44CA-8CC3-C1954A79021F}.Debug|Any CPU.Build.0 = Debug|Any CPU
		{1FE2128F-CF34-44CA-8CC3-C1954A79021F}.Release|Any CPU.ActiveCfg = Release|Any CPU
		{1FE2128F-CF34-44CA-8CC3-C1954A79021F}.Release|Any CPU.Build.0 = Release|Any CPU
	EndGlobalSection
	GlobalSection(SolutionProperties) = preSolution
		HideSolutionNode = FALSE
	EndGlobalSection
	GlobalSection(ExtensibilityGlobals) = postSolution
		SolutionGuid = {A7E2BB22-6283-4791-A852-D5655CF3F47A}
	EndGlobalSection
EndGlobal
